
Microsoft Visual Studio Solution File, Format Version 12.00
# Visual Studio 2015
Project("{FAE04EC0-301F-11D3-BF4B-00C04F79EFBC}") = "ScareThemOff!.CSharp", "ScareThemOff!.CSharp.csproj", "{FB275090-5F2F-AA3D-C745-76BFA3ABA67B}"
EndProject
Project("{FAE04EC0-301F-11D3-BF4B-00C04F79EFBC}") = "ScareThemOff!.CSharp.Editor", "ScareThemOff!.CSharp.Editor.csproj", "{571B81AA-9A8E-315B-B5E1-0FAFD0AC5265}"
EndProject
Global
	GlobalSection(SolutionConfigurationPlatforms) = preSolution
		Debug|Any CPU = Debug|Any CPU
		Release|Any CPU = Release|Any CPU
	EndGlobalSection
	GlobalSection(ProjectConfigurationPlatforms) = postSolution
		{FB275090-5F2F-AA3D-C745-76BFA3ABA67B}.Debug|Any CPU.ActiveCfg = Debug|Any CPU
		{FB275090-5F2F-AA3D-C745-76BFA3ABA67B}.Debug|Any CPU.Build.0 = Debug|Any CPU
		{FB275090-5F2F-AA3D-C745-76BFA3ABA67B}.Release|Any CPU.ActiveCfg = Release|Any CPU
		{FB275090-5F2F-AA3D-C745-76BFA3ABA67B}.Release|Any CPU.Build.0 = Release|Any CPU
		{571B81AA-9A8E-315B-B5E1-0FAFD0AC5265}.Debug|Any CPU.ActiveCfg = Debug|Any CPU
		{571B81AA-9A8E-315B-B5E1-0FAFD0AC5265}.Debug|Any CPU.Build.0 = Debug|Any CPU
		{571B81AA-9A8E-315B-B5E1-0FAFD0AC5265}.Release|Any CPU.ActiveCfg = Release|Any CPU
		{571B81AA-9A8E-315B-B5E1-0FAFD0AC5265}.Release|Any CPU.Build.0 = Release|Any CPU
	EndGlobalSection
	GlobalSection(SolutionProperties) = preSolution
		HideSolutionNode = FALSE
	EndGlobalSection
EndGlobal
